
Microsoft Visual Studio Solution File, Format Version 12.00
# Visual Studio Version 17
VisualStudioVersion = 17.2.32602.215
MinimumVisualStudioVersion = 10.0.40219.1
Project("{FAE04EC0-301F-11D3-BF4B-00C04F79EFBC}") = "flowshop-pm", "flowshop-pm\flowshop-pm.csproj", "{F74B190A-82AB-4E75-9C6C-49F13AA67CD4}"
EndProject
Global
	GlobalSection(SolutionConfigurationPlatforms) = preSolution
		Debug|Any CPU = Debug|Any CPU
		Release|Any CPU = Release|Any CPU
	EndGlobalSection
	GlobalSection(ProjectConfigurationPlatforms) = postSolution
		{F74B190A-82AB-4E75-9C6C-49F13AA67CD4}.Debug|Any CPU.ActiveCfg = Debug|Any CPU
		{F74B190A-82AB-4E75-9C6C-49F13AA67CD4}.Debug|Any CPU.Build.0 = Debug|Any CPU
		{F74B190A-82AB-4E75-9C6C-49F13AA67CD4}.Release|Any CPU.ActiveCfg = Release|Any CPU
		{F74B190A-82AB-4E75-9C6C-49F13AA67CD4}.Release|Any CPU.Build.0 = Release|Any CPU
	EndGlobalSection
	GlobalSection(SolutionProperties) = preSolution
		HideSolutionNode = FALSE
	EndGlobalSection
	GlobalSection(ExtensibilityGlobals) = postSolution
		SolutionGuid = {6CAA99FB-74F0-41C7-9587-A7F7CE05092F}
	EndGlobalSection
EndGlobal
